# THIS IS AN AUTOGENERATED FILE. DO NOT EDIT THIS FILE DIRECTLY.
assets/ajax-loader.gif:
  development: 2019-02-26T21:53:47-05:00   deca8b0ecd6974227d157b6d7068995d
assets/gift-card.js:
  development: 2019-02-26T21:53:47-05:00   5f64ba6cb76fbcd82773489d51785bf1
assets/gift-card.scss.liquid:
  development: 2019-02-26T21:53:47-05:00   72e12a3db9fbc1f9f69077f0b9bf9c9f
assets/ico-select.svg.liquid:
  development: 2019-02-26T21:53:47-05:00   8353ec2fa4634bc8e95613a939e60a15
assets/lazysizes.js:
  development: 2019-02-26T21:53:47-05:00   a27b15d827d7a26f9fa58fb6b4f9d4b6
assets/password.js:
  development: 2019-02-26T21:53:48-05:00   e181a97d49728250be68829cc8e63709
assets/theme.js:
  development: 2019-02-26T21:53:48-05:00   9141b8602097aedc8e057b47952c5f73
assets/theme.scss.liquid:
  development: 2019-02-26T21:53:48-05:00   5d301b0d2d0094b6c0a2c0d1a6092562
assets/vendor.js:
  development: 2019-02-26T21:53:48-05:00   465fb5b94497c1cdcd55ba6cb04ffeb2
config/settings_schema.json:
  development: 2019-02-26T21:53:53-05:00   20388f0f02db570d7a41b6da866c6050
layout/gift_card.liquid:
  development: 2019-02-26T21:53:48-05:00   9c9f1163f36c99240a7d50d1791fab1a
layout/password.liquid:
  development: 2019-02-26T21:53:49-05:00   4f2303b0d0845051984725f8c38026ae
layout/theme.liquid:
  development: 2019-02-26T21:53:49-05:00   090921cd0f878e395dab886e4c0f7548
locales/da.json:
  development: 2019-02-26T21:53:49-05:00   ea5004794479098b617f49a2607339bf
locales/de.json:
  development: 2019-02-26T21:53:49-05:00   60b764745a67c1ac9575a820822ebbda
locales/en.default.json:
  development: 2019-02-26T21:53:49-05:00   31cd118e912e79fc507c1cbe69e8606a
locales/es.json:
  development: 2019-02-26T21:53:49-05:00   3c8c5f499d8315ab36c258cabe0671c6
locales/fr.json:
  development: 2019-02-26T21:53:49-05:00   afc221822c02d5b25864b81fe310d120
locales/it.json:
  development: 2019-02-26T21:53:49-05:00   5b1ab829eb0f6503ced86fce0cc768ae
locales/ja.json:
  development: 2019-02-26T21:53:49-05:00   cf923f765f25f7a2b838ff6b7504e230
locales/nl.json:
  development: 2019-02-26T21:53:49-05:00   ee875a19b85178c9b6e68bf92ee4ee3d
locales/pt-BR.json:
  development: 2019-02-26T21:53:49-05:00   cafae3abcbe6fb9b0905ad20b40d54e5
locales/pt-PT.json:
  development: 2019-02-26T21:53:49-05:00   1164a544499b830390c502a886b9a6fa
sections/article-template.liquid:
  development: 2019-02-26T21:53:45-05:00   212fe6c2a96d90795e8e777c5903db28
sections/blog-template.liquid:
  development: 2019-02-26T21:53:45-05:00   46a251388a34d4e68f79b2beb85dbb09
sections/cart-template.liquid:
  development: 2019-02-26T21:53:45-05:00   db6b540482216e360f6d8c8e5e26dc5c
sections/collection-list.liquid:
  development: 2019-02-26T21:53:45-05:00   2a10973a5d065eabaf24a7670e944e85
sections/collection-template.liquid:
  development: 2019-02-26T21:53:45-05:00   6d5439c926a18961656bcc997c016533
sections/collection.liquid:
  development: 2019-02-26T21:53:45-05:00   e27069812b481c7ee85a38a77d977789
sections/custom-content.liquid:
  development: 2019-02-26T21:53:45-05:00   5568048593c1e1b7a93d3c6b684e0a18
sections/feature-columns.liquid:
  development: 2019-02-26T21:53:45-05:00   82eb59706e1f0ef49befe6e5902e5962
sections/feature-row.liquid:
  development: 2019-02-26T21:53:45-05:00   da2e0ccd9b5375b61d78572fc894b9aa
sections/featured-blog.liquid:
  development: 2019-02-26T21:53:45-05:00   7e72f3244a1f60345aca88550f7b5084
sections/featured-product.liquid:
  development: 2019-02-26T21:53:45-05:00   5174657240f7ad9bbb89a86d2251e6f0
sections/footer.liquid:
  development: 2019-02-26T21:53:45-05:00   9953bc87ac469c5064a70235f310d3dc
sections/header.liquid:
  development: 2019-02-26T21:53:45-05:00   69979bf29350e45d18076c47658cd134
sections/hero.liquid:
  development: 2019-02-26T21:53:45-05:00   146b6c3a5150ef8058459f961b349875
sections/image-bar.liquid:
  development: 2019-02-26T21:53:45-05:00   16bad5bc286b71dbcadd2082e03500c2
sections/list-collections-template.liquid:
  development: 2019-02-26T21:53:46-05:00   8c2194484d291bff5e118f1e5c9386f1
sections/logo-bar.liquid:
  development: 2019-02-26T21:53:46-05:00   677bfb441ec9a1621144e6239eb3c2dc
sections/map.liquid:
  development: 2019-02-26T21:53:46-05:00   4338a45f5ae141bae912a833ac014b50
sections/newsletter.liquid:
  development: 2019-02-26T21:53:46-05:00   47d2ccb8b1b9586de1f26a074cb171c5
sections/password-content.liquid:
  development: 2019-02-26T21:53:46-05:00   90b64c7289c9c9d0141a6da9a947d049
sections/password-footer.liquid:
  development: 2019-02-26T21:53:46-05:00   8397890536b04f685b525d0fbfea2c5d
sections/password-header.liquid:
  development: 2019-02-26T21:53:46-05:00   29e6a970c2cdf5dc909569439d8bba27
sections/product-template.liquid:
  development: 2019-02-26T21:53:46-05:00   b21ea5370a8f120b6653f0a6c9811a26
sections/quotes.liquid:
  development: 2019-02-26T21:53:46-05:00   c354571ab62fec1a957809c39e75fd7d
sections/rich-text.liquid:
  development: 2019-02-26T21:53:46-05:00   6e898597e40937aa30f2c2338148298e
sections/slideshow.liquid:
  development: 2019-02-26T21:53:46-05:00   502b4fb50c3ce8c06d6b2e858eb6c032
sections/video.liquid:
  development: 2019-02-26T21:53:46-05:00   cc20f41ba48a8b4d3015da61097f251f
snippets/bgset.liquid:
  development: 2019-02-26T21:53:49-05:00   85889bbc39b57621f32fad66317366fc
snippets/collection-grid-item.liquid:
  development: 2019-02-26T21:53:49-05:00   a8289cb017c432e34d985124fbbcc6bb
snippets/comment.liquid:
  development: 2019-02-26T21:53:49-05:00   50406c82467014e1bbe15a62685b2536
snippets/form-status.liquid:
  development: 2019-02-26T21:53:49-05:00   3153fd5137f025afc815a0e1bdd2a6ad
snippets/icon-arrow-left.liquid:
  development: 2019-02-26T21:53:49-05:00   5abf8c4c69967103f685014dcc88a6e7
snippets/icon-arrow-right.liquid:
  development: 2019-02-26T21:53:50-05:00   45f24673c43655e9275d1ba99d814374
snippets/icon-cart.liquid:
  development: 2019-02-26T21:53:50-05:00   c9de61c7db365e0090f7ca5423b633e6
snippets/icon-chevron-down.liquid:
  development: 2019-02-26T21:53:50-05:00   7d3a8cd08370aa9d2a88ae542446a181
snippets/icon-chevron-left.liquid:
  development: 2019-02-26T21:53:50-05:00   08fa105222798ca8c1d863f14a90da3f
snippets/icon-chevron-right.liquid:
  development: 2019-02-26T21:53:50-05:00   50a914c546e39f54aac1b5b72afe43e9
snippets/icon-chevron-up.liquid:
  development: 2019-02-26T21:53:50-05:00   4df1e02c8789418fc53d48e2913daf49
snippets/icon-close.liquid:
  development: 2019-02-26T21:53:50-05:00   a51df25e147e9a392104f6bc358a69f5
snippets/icon-error.liquid:
  development: 2019-02-26T21:53:50-05:00   8aec7da89e6231ef18c7bdfba402ac54
snippets/icon-facebook.liquid:
  development: 2019-02-26T21:53:50-05:00   334588042b292f2d7335fd2791c35eca
snippets/icon-hamburger.liquid:
  development: 2019-02-26T21:53:50-05:00   559577e06ff14924311cfe2642e8b765
snippets/icon-instagram.liquid:
  development: 2019-02-26T21:53:50-05:00   bf50214819f6e2a5f053593e2414526d
snippets/icon-laser.liquid:
  development: 2019-02-26T21:53:50-05:00   bd1a0ecfe958b6a6e84bf80e0669a6da
snippets/icon-lock.liquid:
  development: 2019-02-26T21:53:50-05:00   60ae7ba03d14efa582faed8855821a58
snippets/icon-login.liquid:
  development: 2019-02-26T21:53:50-05:00   9a74bdaac402576390ca1dbdc9e7869c
snippets/icon-minus.liquid:
  development: 2019-02-26T21:53:50-05:00   78c513424d498299e865f8a242823ad0
snippets/icon-pause.liquid:
  development: 2019-02-26T21:53:50-05:00   f46148de0e9ab3939bf51a23c97e2209
snippets/icon-pin.liquid:
  development: 2019-02-26T21:53:50-05:00   694162388571d6142ec30bc299d8ac91
snippets/icon-pinterest.liquid:
  development: 2019-02-26T21:53:50-05:00   701f2a785b3fa83d63e3ab54af060031
snippets/icon-play-video.liquid:
  development: 2019-02-26T21:53:50-05:00   b163aecf2f162f0cdb0b23e27cfb584a
snippets/icon-play.liquid:
  development: 2019-02-26T21:53:51-05:00   31ff2901a9fd0f32ebc4c05748e7aa5d
snippets/icon-plus.liquid:
  development: 2019-02-26T21:53:51-05:00   ba5297f64eb7ea97f1785e8166e11231
snippets/icon-quote.liquid:
  development: 2019-02-26T21:53:51-05:00   e710949f7a142dfc3c4fac15c33bb2fa
snippets/icon-resume.liquid:
  development: 2019-02-26T21:53:51-05:00   f6a73f038f4fcfe9f507007df2323ae4
snippets/icon-rss.liquid:
  development: 2019-02-26T21:53:51-05:00   6493d6bcb850513a55823d4ff62b0f8b
snippets/icon-search.liquid:
  development: 2019-02-26T21:53:51-05:00   7a6bf8d43770ed3a16cb22001718b87e
snippets/icon-shopify-logo.liquid:
  development: 2019-02-26T21:53:51-05:00   3f0b70f9e01be5b25507d25a732ecde7
snippets/icon-snapchat.liquid:
  development: 2019-02-26T21:53:51-05:00   9ed6937e3232c9034976be2b8ed9f673
snippets/icon-tumblr.liquid:
  development: 2019-02-26T21:53:51-05:00   d71a4ada77a8a9b6bd792bdafef393de
snippets/icon-twitter.liquid:
  development: 2019-02-26T21:53:51-05:00   24047c22697a23a0baabf2804adc6c11
snippets/icon-vimeo.liquid:
  development: 2019-02-26T21:53:51-05:00   a229ed8a1a81e6ef95ad621f8a34efb6
snippets/icon-youtube.liquid:
  development: 2019-02-26T21:53:51-05:00   9d72c5bc3eaa14a3e7aefd921881b1ae
snippets/image-style.liquid:
  development: 2019-02-26T21:53:51-05:00   2d807ad1f4831d306d8e190b89d45c00
snippets/no-blocks.liquid:
  development: 2019-02-26T21:53:51-05:00   0cb7d758b6df0feb07ae5804b4b627fa
snippets/pagination.liquid:
  development: 2019-02-26T21:53:51-05:00   6084e49e69e5a13931c302a334be9069
snippets/product-card-grid.liquid:
  development: 2019-02-26T21:53:51-05:00   c2c78f0197f5f7baf89b739406f98e34
snippets/product-card-list.liquid:
  development: 2019-02-26T21:53:51-05:00   8642c7c94ef84b8bd3fd34f7d34a81ec
snippets/product-price.liquid:
  development: 2019-02-26T21:53:51-05:00   78d265566e13713d5026813066cd11ed
snippets/search-form.liquid:
  development: 2019-02-26T21:53:51-05:00   ba3418a1b448bff826b65e251840e1a4
snippets/site-nav.liquid:
  development: 2019-02-26T21:53:51-05:00   099e9bfe1a70fb335749003e3d7f298b
snippets/social-meta-tags.liquid:
  development: 2019-02-26T21:53:52-05:00   1e4c49a795d0068ea16c862f67bbf270
snippets/social-sharing.liquid:
  development: 2019-02-26T21:53:52-05:00   99c9ab85f3c3c08724d523c8ae803f48
templates/404.liquid:
  development: 2019-02-26T21:53:52-05:00   805b16263cdf5c85be9c507ad6b03623
templates/article.liquid:
  development: 2019-02-26T21:53:52-05:00   dc7413ae8e8ecda076a63148c092d2b3
templates/blog.liquid:
  development: 2019-02-26T21:53:52-05:00   2d9763b480fe6879080163b1e0e33e54
templates/cart.liquid:
  development: 2019-02-26T21:53:52-05:00   714b4b7c62d583b231f339bbd1b85d03
templates/collection.liquid:
  development: 2019-02-26T21:53:52-05:00   5db0256874fca1cc72a6f068888fe095
templates/customers/account.liquid:
  development: 2019-02-26T21:53:52-05:00   1abcb665e331e7a71e4ad707e35064fc
templates/customers/activate_account.liquid:
  development: 2019-02-26T21:53:52-05:00   a72f8d3b00650f7123113ca3eb2bb14b
templates/customers/addresses.liquid:
  development: 2019-02-26T21:53:52-05:00   0cabbc55d7308a38c6c37678303ff71a
templates/customers/login.liquid:
  development: 2019-02-26T21:53:52-05:00   4d7f468259911364920137b61a3d5e5f
templates/customers/order.liquid:
  development: 2019-02-26T21:53:52-05:00   06d19c78fa144fd539556dbb60317cd2
templates/customers/register.liquid:
  development: 2019-02-26T21:53:52-05:00   7827089d95024d70fa057bc9d6829d5b
templates/customers/reset_password.liquid:
  development: 2019-02-26T21:53:52-05:00   b1a5600ded81661c31216b8d020eabab
templates/gift_card.liquid:
  development: 2019-02-26T21:53:52-05:00   afb0801dfa475df4c920ba82983c7650
templates/index.liquid:
  development: 2019-02-26T21:53:52-05:00   56b51b6f96394db4b17c64b43e1c0010
templates/list-collections.liquid:
  development: 2019-02-26T21:53:52-05:00   d42f6d6957169811896f646709d353d9
templates/page.contact.liquid:
  development: 2019-02-26T21:53:52-05:00   b7d5a8e3c9ac216e6be871a774d13978
templates/page.liquid:
  development: 2019-02-26T21:53:53-05:00   26f97d3355078de5c6678ed3b34ad7f6
templates/password.liquid:
  development: 2019-02-26T21:53:53-05:00   30d1743d26765ce8c3fa53a3fdf9524f
templates/product.liquid:
  development: 2019-02-26T21:53:53-05:00   80d73993697929fdb3e2e70d80c22497
templates/search.liquid:
  development: 2019-02-26T21:53:53-05:00   e99d34cf022bf2c06ae526a2c121c1c7
